// !$*UTF8*$!
{
	archiveVersion = 1;
	classes = {
	};
	objectVersion = 46;
	objects = {

/* Begin PBXBuildFile section */
		2B16B5F91485A824000E9B8D /* www in Resources */ = {isa = PBXBuildFile; fileRef = 2B16B5F81485A824000E9B8D /* www */; };
		2B2197B814859E0400700E54 /* Foundation.framework in Frameworks */ = {isa = PBXBuildFile; fileRef = 2B2197B714859E0400700E54 /* Foundation.framework */; };
		2B2197BA14859E0400700E54 /* UIKit.framework in Frameworks */ = {isa = PBXBuildFile; fileRef = 2B2197B914859E0400700E54 /* UIKit.framework */; };
		2B2197BC14859E0400700E54 /* CoreGraphics.framework in Frameworks */ = {isa = PBXBuildFile; fileRef = 2B2197BB14859E0400700E54 /* CoreGraphics.framework */; };
		2B2197BE14859E0400700E54 /* AddressBook.framework in Frameworks */ = {isa = PBXBuildFile; fileRef = 2B2197BD14859E0400700E54 /* AddressBook.framework */; };
		2B2197C014859E0400700E54 /* AddressBookUI.framework in Frameworks */ = {isa = PBXBuildFile; fileRef = 2B2197BF14859E0400700E54 /* AddressBookUI.framework */; };
		2B2197C214859E0400700E54 /* AudioToolbox.framework in Frameworks */ = {isa = PBXBuildFile; fileRef = 2B2197C114859E0400700E54 /* AudioToolbox.framework */; };
		2B2197C414859E0400700E54 /* AVFoundation.framework in Frameworks */ = {isa = PBXBuildFile; fileRef = 2B2197C314859E0400700E54 /* AVFoundation.framework */; };
		2B2197C614859E0400700E54 /* CoreLocation.framework in Frameworks */ = {isa = PBXBuildFile; fileRef = 2B2197C514859E0400700E54 /* CoreLocation.framework */; };
		2B2197C814859E0400700E54 /* MediaPlayer.framework in Frameworks */ = {isa = PBXBuildFile; fileRef = 2B2197C714859E0400700E54 /* MediaPlayer.framework */; };
		2B2197CA14859E0400700E54 /* QuartzCore.framework in Frameworks */ = {isa = PBXBuildFile; fileRef = 2B2197C914859E0400700E54 /* QuartzCore.framework */; };
		2B2197CC14859E0400700E54 /* SystemConfiguration.framework in Frameworks */ = {isa = PBXBuildFile; fileRef = 2B2197CB14859E0400700E54 /* SystemConfiguration.framework */; };
		2B2197CE14859E0400700E54 /* MobileCoreServices.framework in Frameworks */ = {isa = PBXBuildFile; fileRef = 2B2197CD14859E0400700E54 /* MobileCoreServices.framework */; };
		2B2197D014859E0400700E54 /* CoreMedia.framework in Frameworks */ = {isa = PBXBuildFile; fileRef = 2B2197CF14859E0400700E54 /* CoreMedia.framework */; };
		2B2197D614859E0400700E54 /* InfoPlist.strings in Resources */ = {isa = PBXBuildFile; fileRef = 2B2197D414859E0400700E54 /* InfoPlist.strings */; };
		2B2197D814859E0400700E54 /* main.m in Sources */ = {isa = PBXBuildFile; fileRef = 2B2197D714859E0400700E54 /* main.m */; };
		2B2197DB14859E0400700E54 /* PhoneGap.framework in Frameworks */ = {isa = PBXBuildFile; fileRef = 2B2197DA14859E0400700E54 /* PhoneGap.framework */; };
		2B2197E014859E0400700E54 /* Localizable.strings in Resources */ = {isa = PBXBuildFile; fileRef = 2B2197DE14859E0400700E54 /* Localizable.strings */; };
		2B2197E414859E0400700E54 /* Localizable.strings in Resources */ = {isa = PBXBuildFile; fileRef = 2B2197E214859E0400700E54 /* Localizable.strings */; };
		2B2197E714859E0400700E54 /* icon.png in Resources */ = {isa = PBXBuildFile; fileRef = 2B2197E614859E0400700E54 /* icon.png */; };
		2B2197E914859E0400700E54 /* icon@2x.png in Resources */ = {isa = PBXBuildFile; fileRef = 2B2197E814859E0400700E54 /* icon@2x.png */; };
		2B2197EB14859E0400700E54 /* icon-72.png in Resources */ = {isa = PBXBuildFile; fileRef = 2B2197EA14859E0400700E54 /* icon-72.png */; };
		2B2197EE14859E0400700E54 /* Default.png in Resources */ = {isa = PBXBuildFile; fileRef = 2B2197ED14859E0400700E54 /* Default.png */; };
		2B2197F014859E0400700E54 /* Default@2x.png in Resources */ = {isa = PBXBuildFile; fileRef = 2B2197EF14859E0400700E54 /* Default@2x.png */; };
		2B2197F214859E0400700E54 /* Capture.bundle in Resources */ = {isa = PBXBuildFile; fileRef = 2B2197F114859E0400700E54 /* Capture.bundle */; };
		2B2197F414859E0400700E54 /* PhoneGap.plist in Resources */ = {isa = PBXBuildFile; fileRef = 2B2197F314859E0400700E54 /* PhoneGap.plist */; };
		2B2197F814859E0400700E54 /* AppDelegate.m in Sources */ = {isa = PBXBuildFile; fileRef = 2B2197F714859E0400700E54 /* AppDelegate.m */; };
/* End PBXBuildFile section */

/* Begin PBXFileReference section */
		2B16B5F81485A824000E9B8D /* www */ = {isa = PBXFileReference; lastKnownFileType = folder; path = www; sourceTree = "<group>"; };
		2B2197B314859E0400700E54 /* idme.app */ = {isa = PBXFileReference; explicitFileType = wrapper.application; includeInIndex = 0; path = idme.app; sourceTree = BUILT_PRODUCTS_DIR; };
		2B2197B714859E0400700E54 /* Foundation.framework */ = {isa = PBXFileReference; lastKnownFileType = wrapper.framework; name = Foundation.framework; path = System/Library/Frameworks/Foundation.framework; sourceTree = SDKROOT; };
		2B2197B914859E0400700E54 /* UIKit.framework */ = {isa = PBXFileReference; lastKnownFileType = wrapper.framework; name = UIKit.framework; path = System/Library/Frameworks/UIKit.framework; sourceTree = SDKROOT; };
		2B2197BB14859E0400700E54 /* CoreGraphics.framework */ = {isa = PBXFileReference; lastKnownFileType = wrapper.framework; name = CoreGraphics.framework; path = System/Library/Frameworks/CoreGraphics.framework; sourceTree = SDKROOT; };
		2B2197BD14859E0400700E54 /* AddressBook.framework */ = {isa = PBXFileReference; lastKnownFileType = wrapper.framework; name = AddressBook.framework; path = System/Library/Frameworks/AddressBook.framework; sourceTree = SDKROOT; };
		2B2197BF14859E0400700E54 /* AddressBookUI.framework */ = {isa = PBXFileReference; lastKnownFileType = wrapper.framework; name = AddressBookUI.framework; path = System/Library/Frameworks/AddressBookUI.framework; sourceTree = SDKROOT; };
		2B2197C114859E0400700E54 /* AudioToolbox.framework */ = {isa = PBXFileReference; lastKnownFileType = wrapper.framework; name = AudioToolbox.framework; path = System/Library/Frameworks/AudioToolbox.framework; sourceTree = SDKROOT; };
		2B2197C314859E0400700E54 /* AVFoundation.framework */ = {isa = PBXFileReference; lastKnownFileType = wrapper.framework; name = AVFoundation.framework; path = System/Library/Frameworks/AVFoundation.framework; sourceTree = SDKROOT; };
		2B2197C514859E0400700E54 /* CoreLocation.framework */ = {isa = PBXFileReference; lastKnownFileType = wrapper.framework; name = CoreLocation.framework; path = System/Library/Frameworks/CoreLocation.framework; sourceTree = SDKROOT; };
		2B2197C714859E0400700E54 /* MediaPlayer.framework */ = {isa = PBXFileReference; lastKnownFileType = wrapper.framework; name = MediaPlayer.framework; path = System/Library/Frameworks/MediaPlayer.framework; sourceTree = SDKROOT; };
		2B2197C914859E0400700E54 /* QuartzCore.framework */ = {isa = PBXFileReference; lastKnownFileType = wrapper.framework; name = QuartzCore.framework; path = System/Library/Frameworks/QuartzCore.framework; sourceTree = SDKROOT; };
		2B2197CB14859E0400700E54 /* SystemConfiguration.framework */ = {isa = PBXFileReference; lastKnownFileType = wrapper.framework; name = SystemConfiguration.framework; path = System/Library/Frameworks/SystemConfiguration.framework; sourceTree = SDKROOT; };
		2B2197CD14859E0400700E54 /* MobileCoreServices.framework */ = {isa = PBXFileReference; lastKnownFileType = wrapper.framework; name = MobileCoreServices.framework; path = System/Library/Frameworks/MobileCoreServices.framework; sourceTree = SDKROOT; };
		2B2197CF14859E0400700E54 /* CoreMedia.framework */ = {isa = PBXFileReference; lastKnownFileType = wrapper.framework; name = CoreMedia.framework; path = System/Library/Frameworks/CoreMedia.framework; sourceTree = SDKROOT; };
		2B2197D314859E0400700E54 /* idme-Info.plist */ = {isa = PBXFileReference; lastKnownFileType = text.plist.xml; path = "idme-Info.plist"; sourceTree = "<group>"; };
		2B2197D514859E0400700E54 /* en */ = {isa = PBXFileReference; lastKnownFileType = text.plist.strings; name = en; path = en.lproj/InfoPlist.strings; sourceTree = "<group>"; };
		2B2197D714859E0400700E54 /* main.m */ = {isa = PBXFileReference; lastKnownFileType = sourcecode.c.objc; path = main.m; sourceTree = "<group>"; };
		2B2197D914859E0400700E54 /* idme-Prefix.pch */ = {isa = PBXFileReference; lastKnownFileType = sourcecode.c.h; path = "idme-Prefix.pch"; sourceTree = "<group>"; };
		2B2197DA14859E0400700E54 /* PhoneGap.framework */ = {isa = PBXFileReference; lastKnownFileType = wrapper.framework; name = PhoneGap.framework; path = /Users/Shared/PhoneGap/Frameworks/PhoneGap.framework; sourceTree = "<absolute>"; };
		2B2197DF14859E0400700E54 /* en */ = {isa = PBXFileReference; lastKnownFileType = text.plist.strings; name = en; path = Resources/en.lproj/Localizable.strings; sourceTree = "<group>"; };
		2B2197E314859E0400700E54 /* es */ = {isa = PBXFileReference; lastKnownFileType = text.plist.strings; name = es; path = Resources/es.lproj/Localizable.strings; sourceTree = "<group>"; };
		2B2197E614859E0400700E54 /* icon.png */ = {isa = PBXFileReference; lastKnownFileType = image.png; name = icon.png; path = Resources/icons/icon.png; sourceTree = "<group>"; };
		2B2197E814859E0400700E54 /* icon@2x.png */ = {isa = PBXFileReference; lastKnownFileType = image.png; name = "icon@2x.png"; path = "Resources/icons/icon@2x.png"; sourceTree = "<group>"; };
		2B2197EA14859E0400700E54 /* icon-72.png */ = {isa = PBXFileReference; lastKnownFileType = image.png; name = "icon-72.png"; path = "Resources/icons/icon-72.png"; sourceTree = "<group>"; };
		2B2197ED14859E0400700E54 /* Default.png */ = {isa = PBXFileReference; lastKnownFileType = image.png; name = Default.png; path = Resources/splash/Default.png; sourceTree = "<group>"; };
		2B2197EF14859E0400700E54 /* Default@2x.png */ = {isa = PBXFileReference; lastKnownFileType = image.png; name = "Default@2x.png"; path = "Resources/splash/Default@2x.png"; sourceTree = "<group>"; };
		2B2197F114859E0400700E54 /* Capture.bundle */ = {isa = PBXFileReference; lastKnownFileType = "wrapper.plug-in"; name = Capture.bundle; path = Resources/Capture.bundle; sourceTree = "<group>"; };
		2B2197F314859E0400700E54 /* PhoneGap.plist */ = {isa = PBXFileReference; lastKnownFileType = text.plist.xml; path = PhoneGap.plist; sourceTree = "<group>"; };
		2B2197F614859E0400700E54 /* AppDelegate.h */ = {isa = PBXFileReference; lastKnownFileType = sourcecode.c.h; name = AppDelegate.h; path = Classes/AppDelegate.h; sourceTree = "<group>"; };
		2B2197F714859E0400700E54 /* AppDelegate.m */ = {isa = PBXFileReference; lastKnownFileType = sourcecode.c.objc; name = AppDelegate.m; path = Classes/AppDelegate.m; sourceTree = "<group>"; };
		2B2197FA14859E0400700E54 /* README */ = {isa = PBXFileReference; lastKnownFileType = text; name = README; path = Plugins/README; sourceTree = "<group>"; };
/* End PBXFileReference section */

/* Begin PBXFrameworksBuildPhase section */
		2B2197AD14859E0400700E54 /* Frameworks */ = {
			isa = PBXFrameworksBuildPhase;
			buildActionMask = 2147483647;
			files = (
				2B2197B814859E0400700E54 /* Foundation.framework in Frameworks */,
				2B2197BA14859E0400700E54 /* UIKit.framework in Frameworks */,
				2B2197BC14859E0400700E54 /* CoreGraphics.framework in Frameworks */,
				2B2197BE14859E0400700E54 /* AddressBook.framework in Frameworks */,
				2B2197C014859E0400700E54 /* AddressBookUI.framework in Frameworks */,
				2B2197C214859E0400700E54 /* AudioToolbox.framework in Frameworks */,
				2B2197C414859E0400700E54 /* AVFoundation.framework in Frameworks */,
				2B2197C614859E0400700E54 /* CoreLocation.framework in Frameworks */,
				2B2197C814859E0400700E54 /* MediaPlayer.framework in Frameworks */,
				2B2197CA14859E0400700E54 /* QuartzCore.framework in Frameworks */,
				2B2197CC14859E0400700E54 /* SystemConfiguration.framework in Frameworks */,
				2B2197CE14859E0400700E54 /* MobileCoreServices.framework in Frameworks */,
				2B2197D014859E0400700E54 /* CoreMedia.framework in Frameworks */,
				2B2197DB14859E0400700E54 /* PhoneGap.framework in Frameworks */,
			);
			runOnlyForDeploymentPostprocessing = 0;
		};
		2B2197B014859E0400700E54 /* Frameworks */ = {
			isa = PBXFrameworksBuildPhase;
			buildActionMask = 2147483647;
			files = (
			);
			runOnlyForDeploymentPostprocessing = 0;
		};
/* End PBXFrameworksBuildPhase section */

/* Begin PBXGroup section */
		2B2197A514859E0400700E54 = {
			isa = PBXGroup;
			children = (
				2B16B5F81485A824000E9B8D /* www */,
				2B2197D114859E0400700E54 /* idme */,
				2B2197B614859E0400700E54 /* Frameworks */,
				2B2197B414859E0400700E54 /* Products */,
			);
			sourceTree = "<group>";
		};
		2B2197B414859E0400700E54 /* Products */ = {
			isa = PBXGroup;
			children = (
				2B2197B314859E0400700E54 /* idme.app */,
			);
			name = Products;
			sourceTree = "<group>";
		};
		2B2197B614859E0400700E54 /* Frameworks */ = {
			isa = PBXGroup;
			children = (
				2B2197B714859E0400700E54 /* Foundation.framework */,
				2B2197B914859E0400700E54 /* UIKit.framework */,
				2B2197BB14859E0400700E54 /* CoreGraphics.framework */,
				2B2197BD14859E0400700E54 /* AddressBook.framework */,
				2B2197BF14859E0400700E54 /* AddressBookUI.framework */,
				2B2197C114859E0400700E54 /* AudioToolbox.framework */,
				2B2197C314859E0400700E54 /* AVFoundation.framework */,
				2B2197C514859E0400700E54 /* CoreLocation.framework */,
				2B2197C714859E0400700E54 /* MediaPlayer.framework */,
				2B2197C914859E0400700E54 /* QuartzCore.framework */,
				2B2197CB14859E0400700E54 /* SystemConfiguration.framework */,
				2B2197CD14859E0400700E54 /* MobileCoreServices.framework */,
				2B2197CF14859E0400700E54 /* CoreMedia.framework */,
			);
			name = Frameworks;
			sourceTree = "<group>";
		};
		2B2197D114859E0400700E54 /* idme */ = {
			isa = PBXGroup;
			children = (
				2B2197DA14859E0400700E54 /* PhoneGap.framework */,
				2B2197DC14859E0400700E54 /* Resources */,
				2B2197F514859E0400700E54 /* Classes */,
				2B2197F914859E0400700E54 /* Plugins */,
				2B2197D214859E0400700E54 /* Supporting Files */,
			);
			path = idme;
			sourceTree = "<group>";
		};
		2B2197D214859E0400700E54 /* Supporting Files */ = {
			isa = PBXGroup;
			children = (
				2B2197D314859E0400700E54 /* idme-Info.plist */,
				2B2197D414859E0400700E54 /* InfoPlist.strings */,
				2B2197D714859E0400700E54 /* main.m */,
				2B2197D914859E0400700E54 /* idme-Prefix.pch */,
				2B2197F314859E0400700E54 /* PhoneGap.plist */,
			);
			name = "Supporting Files";
			sourceTree = "<group>";
		};
		2B2197DC14859E0400700E54 /* Resources */ = {
			isa = PBXGroup;
			children = (
				2B2197F114859E0400700E54 /* Capture.bundle */,
				2B2197DD14859E0400700E54 /* en.lproj */,
				2B2197E114859E0400700E54 /* es.lproj */,
				2B2197E514859E0400700E54 /* icons */,
				2B2197EC14859E0400700E54 /* splash */,
			);
			name = Resources;
			sourceTree = "<group>";
		};
		2B2197DD14859E0400700E54 /* en.lproj */ = {
			isa = PBXGroup;
			children = (
				2B2197DE14859E0400700E54 /* Localizable.strings */,
			);
			name = en.lproj;
			sourceTree = "<group>";
		};
		2B2197E114859E0400700E54 /* es.lproj */ = {
			isa = PBXGroup;
			children = (
				2B2197E214859E0400700E54 /* Localizable.strings */,
			);
			name = es.lproj;
			sourceTree = "<group>";
		};
		2B2197E514859E0400700E54 /* icons */ = {
			isa = PBXGroup;
			children = (
				2B2197E614859E0400700E54 /* icon.png */,
				2B2197E814859E0400700E54 /* icon@2x.png */,
				2B2197EA14859E0400700E54 /* icon-72.png */,
			);
			name = icons;
			sourceTree = "<group>";
		};
		2B2197EC14859E0400700E54 /* splash */ = {
			isa = PBXGroup;
			children = (
				2B2197ED14859E0400700E54 /* Default.png */,
				2B2197EF14859E0400700E54 /* Default@2x.png */,
			);
			name = splash;
			sourceTree = "<group>";
		};
		2B2197F514859E0400700E54 /* Classes */ = {
			isa = PBXGroup;
			children = (
				2B2197F614859E0400700E54 /* AppDelegate.h */,
				2B2197F714859E0400700E54 /* AppDelegate.m */,
			);
			name = Classes;
			sourceTree = "<group>";
		};
		2B2197F914859E0400700E54 /* Plugins */ = {
			isa = PBXGroup;
			children = (
				2B2197FA14859E0400700E54 /* README */,
			);
			name = Plugins;
			sourceTree = "<group>";
		};
/* End PBXGroup section */

/* Begin PBXNativeTarget section */
		2B2197B214859E0400700E54 /* idme */ = {
			isa = PBXNativeTarget;
			buildConfigurationList = 2B2197FD14859E0400700E54 /* Build configuration list for PBXNativeTarget "idme" */;
			buildPhases = (
				2B2197AC14859E0400700E54 /* Sources */,
				2B2197AD14859E0400700E54 /* Frameworks */,
				2B2197AE14859E0400700E54 /* Resources */,
				2B2197AF14859E0400700E54 /* Sources */,
				2B2197B014859E0400700E54 /* Frameworks */,
				2B2197B114859E0400700E54 /* ShellScript */,
			);
			buildRules = (
			);
			dependencies = (
			);
			name = idme;
			productName = idme;
			productReference = 2B2197B314859E0400700E54 /* idme.app */;
			productType = "com.apple.product-type.application";
		};
/* End PBXNativeTarget section */

/* Begin PBXProject section */
		2B2197A714859E0400700E54 /* Project object */ = {
			isa = PBXProject;
			attributes = {
				LastUpgradeCheck = 0420;
				ORGANIZATIONNAME = Canada;
			};
			buildConfigurationList = 2B2197AA14859E0400700E54 /* Build configuration list for PBXProject "idme" */;
			compatibilityVersion = "Xcode 3.2";
			developmentRegion = English;
			hasScannedForEncodings = 0;
			knownRegions = (
				en,
				es,
			);
			mainGroup = 2B2197A514859E0400700E54;
			productRefGroup = 2B2197B414859E0400700E54 /* Products */;
			projectDirPath = "";
			projectRoot = "";
			targets = (
				2B2197B214859E0400700E54 /* idme */,
			);
		};
/* End PBXProject section */

/* Begin PBXResourcesBuildPhase section */
		2B2197AE14859E0400700E54 /* Resources */ = {
			isa = PBXResourcesBuildPhase;
			buildActionMask = 2147483647;
			files = (
				2B2197D614859E0400700E54 /* InfoPlist.strings in Resources */,
				2B2197E014859E0400700E54 /* Localizable.strings in Resources */,
				2B2197E414859E0400700E54 /* Localizable.strings in Resources */,
				2B2197E714859E0400700E54 /* icon.png in Resources */,
				2B2197E914859E0400700E54 /* icon@2x.png in Resources */,
				2B2197EB14859E0400700E54 /* icon-72.png in Resources */,
				2B2197EE14859E0400700E54 /* Default.png in Resources */,
				2B2197F014859E0400700E54 /* Default@2x.png in Resources */,
				2B2197F214859E0400700E54 /* Capture.bundle in Resources */,
				2B2197F414859E0400700E54 /* PhoneGap.plist in Resources */,
				2B16B5F91485A824000E9B8D /* www in Resources */,
			);
			runOnlyForDeploymentPostprocessing = 0;
		};
/* End PBXResourcesBuildPhase section */

/* Begin PBXShellScriptBuildPhase section */
		2B2197B114859E0400700E54 /* ShellScript */ = {
			isa = PBXShellScriptBuildPhase;
			buildActionMask = 2147483647;
			files = (
			);
			inputPaths = (
			);
			outputPaths = (
			);
			runOnlyForDeploymentPostprocessing = 0;
			shellPath = /bin/bash;
			shellScript = "\n\t\t\t\t\t\t\t\tif [ ! -d \"$PROJECT_DIR/www\" ] ; then\n\t\t\t\t\t\t\t\t\tcp -R /Users/Shared/PhoneGap/Frameworks/PhoneGap.framework/www \"$PROJECT_DIR\"\n\t\t\t\t\t\t\t\tfi\n\t\t\t\t\t\t\t\t# detect www folder reference in project, if missing, print warning\n\t\t\t\t\t\t\t\tgrep \"{isa = PBXFileReference; lastKnownFileType = folder; path = www; sourceTree = \\\"<group>\\\"; };\" \"$PROJECT_DIR/$PROJECT_NAME.xcodeproj/project.pbxproj\"\n\t\t\t\t\t\t\t\trc=$? \n\t\t\t\t\t\t\t\tif [ $rc != 0 ] ; then\n\t\t\t\t\t\t\t\techo -e \"warning: Missing - Add $PROJECT_DIR/www as a folder reference in your project. Just drag and drop the folder into your project, into the Project Navigator of Xcode 4. Make sure you select the second radio-button: 'Create folder references for any added folders' (which will create a blue folder)\" 1>&2\n\t\t\t\t\t\t\t\tfi\t\t\t\t\t\t\t";
		};
/* End PBXShellScriptBuildPhase section */

/* Begin PBXSourcesBuildPhase section */
		2B2197AC14859E0400700E54 /* Sources */ = {
			isa = PBXSourcesBuildPhase;
			buildActionMask = 2147483647;
			files = (
				2B2197D814859E0400700E54 /* main.m in Sources */,
				2B2197F814859E0400700E54 /* AppDelegate.m in Sources */,
			);
			runOnlyForDeploymentPostprocessing = 0;
		};
		2B2197AF14859E0400700E54 /* Sources */ = {
			isa = PBXSourcesBuildPhase;
			buildActionMask = 2147483647;
			files = (
			);
			runOnlyForDeploymentPostprocessing = 0;
		};
/* End PBXSourcesBuildPhase section */

/* Begin PBXVariantGroup section */
		2B2197D414859E0400700E54 /* InfoPlist.strings */ = {
			isa = PBXVariantGroup;
			children = (
				2B2197D514859E0400700E54 /* en */,
			);
			name = InfoPlist.strings;
			sourceTree = "<group>";
		};
		2B2197DE14859E0400700E54 /* Localizable.strings */ = {
			isa = PBXVariantGroup;
			children = (
				2B2197DF14859E0400700E54 /* en */,
			);
			name = Localizable.strings;
			sourceTree = "<group>";
		};
		2B2197E214859E0400700E54 /* Localizable.strings */ = {
			isa = PBXVariantGroup;
			children = (
				2B2197E314859E0400700E54 /* es */,
			);
			name = Localizable.strings;
			sourceTree = "<group>";
		};
/* End PBXVariantGroup section */

/* Begin XCBuildConfiguration section */
		2B2197FB14859E0400700E54 /* Debug */ = {
			isa = XCBuildConfiguration;
			buildSettings = {
				ALWAYS_SEARCH_USER_PATHS = NO;
				ARCHS = "$(ARCHS_STANDARD_32_BIT)";
				CLANG_ENABLE_OBJC_ARC = YES;
				"CODE_SIGN_IDENTITY[sdk=iphoneos*]" = "iPhone Developer";
				COPY_PHASE_STRIP = NO;
				GCC_C_LANGUAGE_STANDARD = gnu99;
				GCC_DYNAMIC_NO_PIC = NO;
				GCC_OPTIMIZATION_LEVEL = 0;
				GCC_PREPROCESSOR_DEFINITIONS = (
					"DEBUG=1",
					"$(inherited)",
				);
				GCC_SYMBOLS_PRIVATE_EXTERN = NO;
				GCC_VERSION = com.apple.compilers.llvmgcc42;
				GCC_WARN_ABOUT_MISSING_PROTOTYPES = YES;
				GCC_WARN_ABOUT_RETURN_TYPE = YES;
				GCC_WARN_UNUSED_VARIABLE = YES;
				IPHONEOS_DEPLOYMENT_TARGET = 3.0;
				SDKROOT = iphoneos;
			};
			name = Debug;
		};
		2B2197FC14859E0400700E54 /* Release */ = {
			isa = XCBuildConfiguration;
			buildSettings = {
				ALWAYS_SEARCH_USER_PATHS = NO;
				ARCHS = "$(ARCHS_STANDARD_32_BIT)";
				CLANG_ENABLE_OBJC_ARC = YES;
				"CODE_SIGN_IDENTITY[sdk=iphoneos*]" = "iPhone Developer";
				COPY_PHASE_STRIP = YES;
				GCC_C_LANGUAGE_STANDARD = gnu99;
				GCC_VERSION = com.apple.compilers.llvmgcc42;
				GCC_WARN_ABOUT_MISSING_PROTOTYPES = YES;
				GCC_WARN_ABOUT_RETURN_TYPE = YES;
				GCC_WARN_UNUSED_VARIABLE = YES;
				IPHONEOS_DEPLOYMENT_TARGET = 3.0;
				SDKROOT = iphoneos;
				VALIDATE_PRODUCT = YES;
			};
			name = Release;
		};
		2B2197FE14859E0400700E54 /* Debug */ = {
			isa = XCBuildConfiguration;
			buildSettings = {
				ALWAYS_SEARCH_USER_PATHS = YES;
				CLANG_ENABLE_OBJC_ARC = NO;
				"CLANG_ENABLE_OBJC_ARC[arch=*]" = NO;
				COPY_PHASE_STRIP = NO;
				FRAMEWORK_SEARCH_PATHS = /Users/Shared/PhoneGap/Frameworks;
				GCC_DYNAMIC_NO_PIC = NO;
				GCC_PRECOMPILE_PREFIX_HEADER = YES;
				GCC_PREFIX_HEADER = "idme/idme-Prefix.pch";
				GCC_PREPROCESSOR_DEFINITIONS = "PHONEGAP_FRAMEWORK=YES";
				INFOPLIST_FILE = "idme/idme-Info.plist";
				OTHER_LDFLAGS = (
					"-weak_framework",
					UIKit,
					"-weak_framework",
					AVFoundation,
					"-weak_framework",
					CoreMedia,
					"-weak_library",
					/usr/lib/libSystem.B.dylib,
				);
				PRODUCT_NAME = "$(TARGET_NAME)";
				TARGETED_DEVICE_FAMILY = "1,2";
				WRAPPER_EXTENSION = app;
			};
			name = Debug;
		};
		2B2197FF14859E0400700E54 /* Release */ = {
			isa = XCBuildConfiguration;
			buildSettings = {
				ALWAYS_SEARCH_USER_PATHS = YES;
				CLANG_ENABLE_OBJC_ARC = NO;
				COPY_PHASE_STRIP = YES;
				DEBUG_INFORMATION_FORMAT = "dwarf-with-dsym";
				FRAMEWORK_SEARCH_PATHS = /Users/Shared/PhoneGap/Frameworks;
				GCC_PRECOMPILE_PREFIX_HEADER = YES;
				GCC_PREFIX_HEADER = "idme/idme-Prefix.pch";
				GCC_PREPROCESSOR_DEFINITIONS = "PHONEGAP_FRAMEWORK=YES";
				INFOPLIST_FILE = "idme/idme-Info.plist";
				OTHER_LDFLAGS = (
					"-weak_framework",
					UIKit,
					"-weak_framework",
					AVFoundation,
					"-weak_framework",
					CoreMedia,
					"-weak_library",
					/usr/lib/libSystem.B.dylib,
				);
				PRODUCT_NAME = "$(TARGET_NAME)";
				TARGETED_DEVICE_FAMILY = "1,2";
				VALIDATE_PRODUCT = YES;
				WRAPPER_EXTENSION = app;
			};
			name = Release;
		};
/* End XCBuildConfiguration section */

/* Begin XCConfigurationList section */
		2B2197AA14859E0400700E54 /* Build configuration list for PBXProject "idme" */ = {
			isa = XCConfigurationList;
			buildConfigurations = (
				2B2197FB14859E0400700E54 /* Debug */,
				2B2197FC14859E0400700E54 /* Release */,
			);
			defaultConfigurationIsVisible = 0;
			defaultConfigurationName = Release;
		};
		2B2197FD14859E0400700E54 /* Build configuration list for PBXNativeTarget "idme" */ = {
			isa = XCConfigurationList;
			buildConfigurations = (
				2B2197FE14859E0400700E54 /* Debug */,
				2B2197FF14859E0400700E54 /* Release */,
			);
			defaultConfigurationIsVisible = 0;
			defaultConfigurationName = Release;
		};
/* End XCConfigurationList section */
	};
	rootObject = 2B2197A714859E0400700E54 /* Project object */;
}
